
Microsoft Visual Studio Solution File, Format Version 12.00
# Visual Studio Version 17
VisualStudioVersion = 17.13.35931.197 d17.13
MinimumVisualStudioVersion = 10.0.40219.1
Project("{FAE04EC0-301F-11D3-BF4B-00C04F79EFBC}") = "ChatbotGame", "ChatbotGame.csproj", "{02D857C8-E0CB-473A-B77F-06B23D5E5F75}"
EndProject
Global
	GlobalSection(SolutionConfigurationPlatforms) = preSolution
		Debug|Any CPU = Debug|Any CPU
		Release|Any CPU = Release|Any CPU
	EndGlobalSection
	GlobalSection(ProjectConfigurationPlatforms) = postSolution
		{02D857C8-E0CB-473A-B77F-06B23D5E5F75}.Debug|Any CPU.ActiveCfg = Debug|Any CPU
		{02D857C8-E0CB-473A-B77F-06B23D5E5F75}.Debug|Any CPU.Build.0 = Debug|Any CPU
		{02D857C8-E0CB-473A-B77F-06B23D5E5F75}.Release|Any CPU.ActiveCfg = Release|Any CPU
		{02D857C8-E0CB-473A-B77F-06B23D5E5F75}.Release|Any CPU.Build.0 = Release|Any CPU
	EndGlobalSection
	GlobalSection(SolutionProperties) = preSolution
		HideSolutionNode = FALSE
	EndGlobalSection
	GlobalSection(ExtensibilityGlobals) = postSolution
		SolutionGuid = {1A00D342-987F-4546-9AD5-B85C4D492655}
	EndGlobalSection
EndGlobal
